// !$*UTF8*$!
{
	archiveVersion = 1;
	classes = {
	};
	objectVersion = 46;
	objects = {

/* Begin PBXBuildFile section */
		501ABE5319B3C1F4000321CD /* play-25.png in Resources */ = {isa = PBXBuildFile; fileRef = 501ABE5219B3C1F4000321CD /* play-25.png */; };
		503E962E1996AFA5006CE085 /* Foundation.framework in Frameworks */ = {isa = PBXBuildFile; fileRef = 503E962D1996AFA5006CE085 /* Foundation.framework */; };
		503E96301996AFA5006CE085 /* CoreGraphics.framework in Frameworks */ = {isa = PBXBuildFile; fileRef = 503E962F1996AFA5006CE085 /* CoreGraphics.framework */; };
		503E96321996AFA5006CE085 /* UIKit.framework in Frameworks */ = {isa = PBXBuildFile; fileRef = 503E96311996AFA5006CE085 /* UIKit.framework */; };
		503E96381996AFA5006CE085 /* InfoPlist.strings in Resources */ = {isa = PBXBuildFile; fileRef = 503E96361996AFA5006CE085 /* InfoPlist.strings */; };
		503E963A1996AFA5006CE085 /* main.m in Sources */ = {isa = PBXBuildFile; fileRef = 503E96391996AFA5006CE085 /* main.m */; };
		503E963E1996AFA5006CE085 /* AppDelegate.m in Sources */ = {isa = PBXBuildFile; fileRef = 503E963D1996AFA5006CE085 /* AppDelegate.m */; };
		503E96411996AFA5006CE085 /* Main.storyboard in Resources */ = {isa = PBXBuildFile; fileRef = 503E963F1996AFA5006CE085 /* Main.storyboard */; };
		503E96441996AFA5006CE085 /* ViewController.m in Sources */ = {isa = PBXBuildFile; fileRef = 503E96431996AFA5006CE085 /* ViewController.m */; };
		503E96461996AFA5006CE085 /* Images.xcassets in Resources */ = {isa = PBXBuildFile; fileRef = 503E96451996AFA5006CE085 /* Images.xcassets */; };
		503E964D1996AFA5006CE085 /* XCTest.framework in Frameworks */ = {isa = PBXBuildFile; fileRef = 503E964C1996AFA5006CE085 /* XCTest.framework */; };
		503E964E1996AFA5006CE085 /* Foundation.framework in Frameworks */ = {isa = PBXBuildFile; fileRef = 503E962D1996AFA5006CE085 /* Foundation.framework */; };
		503E964F1996AFA5006CE085 /* UIKit.framework in Frameworks */ = {isa = PBXBuildFile; fileRef = 503E96311996AFA5006CE085 /* UIKit.framework */; };
		503E96571996AFA5006CE085 /* InfoPlist.strings in Resources */ = {isa = PBXBuildFile; fileRef = 503E96551996AFA5006CE085 /* InfoPlist.strings */; };
		503E96591996AFA5006CE085 /* Museum_PrototypeTests.m in Sources */ = {isa = PBXBuildFile; fileRef = 503E96581996AFA5006CE085 /* Museum_PrototypeTests.m */; };
		503E96631996BD69006CE085 /* CoreLocation.framework in Frameworks */ = {isa = PBXBuildFile; fileRef = 503E96621996BD69006CE085 /* CoreLocation.framework */; };
		503E96651996E7EC006CE085 /* AVFoundation.framework in Frameworks */ = {isa = PBXBuildFile; fileRef = 503E96641996E7EC006CE085 /* AVFoundation.framework */; };
		503E96671996EA71006CE085 /* play-26.png in Resources */ = {isa = PBXBuildFile; fileRef = 503E96661996EA71006CE085 /* play-26.png */; };
		503E966A199706B5006CE085 /* CanceledObject.m in Sources */ = {isa = PBXBuildFile; fileRef = 503E9669199706B5006CE085 /* CanceledObject.m */; };
		DCA5E0E593C64AAFA102284F /* libPods.a in Frameworks */ = {isa = PBXBuildFile; fileRef = CA163647686747F394BC4CA1 /* libPods.a */; };
/* End PBXBuildFile section */

/* Begin PBXContainerItemProxy section */
		503E96501996AFA5006CE085 /* PBXContainerItemProxy */ = {
			isa = PBXContainerItemProxy;
			containerPortal = 503E96221996AFA5006CE085 /* Project object */;
			proxyType = 1;
			remoteGlobalIDString = 503E96291996AFA5006CE085;
			remoteInfo = "Museum-Prototype";
		};
/* End PBXContainerItemProxy section */

/* Begin PBXFileReference section */
		501ABE5219B3C1F4000321CD /* play-25.png */ = {isa = PBXFileReference; lastKnownFileType = image.png; path = "play-25.png"; sourceTree = "<group>"; };
		503E962A1996AFA5006CE085 /* Museum-Prototype.app */ = {isa = PBXFileReference; explicitFileType = wrapper.application; includeInIndex = 0; path = "Museum-Prototype.app"; sourceTree = BUILT_PRODUCTS_DIR; };
		503E962D1996AFA5006CE085 /* Foundation.framework */ = {isa = PBXFileReference; lastKnownFileType = wrapper.framework; name = Foundation.framework; path = System/Library/Frameworks/Foundation.framework; sourceTree = SDKROOT; };
		503E962F1996AFA5006CE085 /* CoreGraphics.framework */ = {isa = PBXFileReference; lastKnownFileType = wrapper.framework; name = CoreGraphics.framework; path = System/Library/Frameworks/CoreGraphics.framework; sourceTree = SDKROOT; };
		503E96311996AFA5006CE085 /* UIKit.framework */ = {isa = PBXFileReference; lastKnownFileType = wrapper.framework; name = UIKit.framework; path = System/Library/Frameworks/UIKit.framework; sourceTree = SDKROOT; };
		503E96351996AFA5006CE085 /* Museum-Prototype-Info.plist */ = {isa = PBXFileReference; lastKnownFileType = text.plist.xml; path = "Museum-Prototype-Info.plist"; sourceTree = "<group>"; };
		503E96371996AFA5006CE085 /* en */ = {isa = PBXFileReference; lastKnownFileType = text.plist.strings; name = en; path = en.lproj/InfoPlist.strings; sourceTree = "<group>"; };
		503E96391996AFA5006CE085 /* main.m */ = {isa = PBXFileReference; lastKnownFileType = sourcecode.c.objc; path = main.m; sourceTree = "<group>"; };
		503E963B1996AFA5006CE085 /* Museum-Prototype-Prefix.pch */ = {isa = PBXFileReference; lastKnownFileType = sourcecode.c.h; path = "Museum-Prototype-Prefix.pch"; sourceTree = "<group>"; };
		503E963C1996AFA5006CE085 /* AppDelegate.h */ = {isa = PBXFileReference; lastKnownFileType = sourcecode.c.h; path = AppDelegate.h; sourceTree = "<group>"; };
		503E963D1996AFA5006CE085 /* AppDelegate.m */ = {isa = PBXFileReference; lastKnownFileType = sourcecode.c.objc; path = AppDelegate.m; sourceTree = "<group>"; };
		503E96401996AFA5006CE085 /* Base */ = {isa = PBXFileReference; lastKnownFileType = file.storyboard; name = Base; path = Base.lproj/Main.storyboard; sourceTree = "<group>"; };
		503E96421996AFA5006CE085 /* ViewController.h */ = {isa = PBXFileReference; lastKnownFileType = sourcecode.c.h; path = ViewController.h; sourceTree = "<group>"; };
		503E96431996AFA5006CE085 /* ViewController.m */ = {isa = PBXFileReference; lastKnownFileType = sourcecode.c.objc; path = ViewController.m; sourceTree = "<group>"; };
		503E96451996AFA5006CE085 /* Images.xcassets */ = {isa = PBXFileReference; lastKnownFileType = folder.assetcatalog; path = Images.xcassets; sourceTree = "<group>"; };
		503E964B1996AFA5006CE085 /* Museum-PrototypeTests.xctest */ = {isa = PBXFileReference; explicitFileType = wrapper.cfbundle; includeInIndex = 0; path = "Museum-PrototypeTests.xctest"; sourceTree = BUILT_PRODUCTS_DIR; };
		503E964C1996AFA5006CE085 /* XCTest.framework */ = {isa = PBXFileReference; lastKnownFileType = wrapper.framework; name = XCTest.framework; path = Library/Frameworks/XCTest.framework; sourceTree = DEVELOPER_DIR; };
		503E96541996AFA5006CE085 /* Museum-PrototypeTests-Info.plist */ = {isa = PBXFileReference; lastKnownFileType = text.plist.xml; path = "Museum-PrototypeTests-Info.plist"; sourceTree = "<group>"; };
		503E96561996AFA5006CE085 /* en */ = {isa = PBXFileReference; lastKnownFileType = text.plist.strings; name = en; path = en.lproj/InfoPlist.strings; sourceTree = "<group>"; };
		503E96581996AFA5006CE085 /* Museum_PrototypeTests.m */ = {isa = PBXFileReference; lastKnownFileType = sourcecode.c.objc; path = Museum_PrototypeTests.m; sourceTree = "<group>"; };
		503E96621996BD69006CE085 /* CoreLocation.framework */ = {isa = PBXFileReference; lastKnownFileType = wrapper.framework; name = CoreLocation.framework; path = System/Library/Frameworks/CoreLocation.framework; sourceTree = SDKROOT; };
		503E96641996E7EC006CE085 /* AVFoundation.framework */ = {isa = PBXFileReference; lastKnownFileType = wrapper.framework; name = AVFoundation.framework; path = System/Library/Frameworks/AVFoundation.framework; sourceTree = SDKROOT; };
		503E96661996EA71006CE085 /* play-26.png */ = {isa = PBXFileReference; lastKnownFileType = image.png; path = "play-26.png"; sourceTree = "<group>"; };
		503E9668199706B5006CE085 /* CanceledObject.h */ = {isa = PBXFileReference; fileEncoding = 4; lastKnownFileType = sourcecode.c.h; path = CanceledObject.h; sourceTree = "<group>"; };
		503E9669199706B5006CE085 /* CanceledObject.m */ = {isa = PBXFileReference; fileEncoding = 4; lastKnownFileType = sourcecode.c.objc; path = CanceledObject.m; sourceTree = "<group>"; };
		5FEBAD8E7A67475BBBADF9C1 /* Pods.xcconfig */ = {isa = PBXFileReference; includeInIndex = 1; lastKnownFileType = text.xcconfig; name = Pods.xcconfig; path = Pods/Pods.xcconfig; sourceTree = "<group>"; };
		CA163647686747F394BC4CA1 /* libPods.a */ = {isa = PBXFileReference; explicitFileType = archive.ar; includeInIndex = 0; path = libPods.a; sourceTree = BUILT_PRODUCTS_DIR; };
/* End PBXFileReference section */

/* Begin PBXFrameworksBuildPhase section */
		503E96271996AFA5006CE085 /* Frameworks */ = {
			isa = PBXFrameworksBuildPhase;
			buildActionMask = 2147483647;
			files = (
				503E96651996E7EC006CE085 /* AVFoundation.framework in Frameworks */,
				503E96631996BD69006CE085 /* CoreLocation.framework in Frameworks */,
				503E96301996AFA5006CE085 /* CoreGraphics.framework in Frameworks */,
				503E96321996AFA5006CE085 /* UIKit.framework in Frameworks */,
				503E962E1996AFA5006CE085 /* Foundation.framework in Frameworks */,
				DCA5E0E593C64AAFA102284F /* libPods.a in Frameworks */,
			);
			runOnlyForDeploymentPostprocessing = 0;
		};
		503E96481996AFA5006CE085 /* Frameworks */ = {
			isa = PBXFrameworksBuildPhase;
			buildActionMask = 2147483647;
			files = (
				503E964D1996AFA5006CE085 /* XCTest.framework in Frameworks */,
				503E964F1996AFA5006CE085 /* UIKit.framework in Frameworks */,
				503E964E1996AFA5006CE085 /* Foundation.framework in Frameworks */,
			);
			runOnlyForDeploymentPostprocessing = 0;
		};
/* End PBXFrameworksBuildPhase section */

/* Begin PBXGroup section */
		503E96211996AFA5006CE085 = {
			isa = PBXGroup;
			children = (
				503E96331996AFA5006CE085 /* Museum-Prototype */,
				503E96521996AFA5006CE085 /* Museum-PrototypeTests */,
				503E962C1996AFA5006CE085 /* Frameworks */,
				503E962B1996AFA5006CE085 /* Products */,
				5FEBAD8E7A67475BBBADF9C1 /* Pods.xcconfig */,
			);
			sourceTree = "<group>";
		};
		503E962B1996AFA5006CE085 /* Products */ = {
			isa = PBXGroup;
			children = (
				503E962A1996AFA5006CE085 /* Museum-Prototype.app */,
				503E964B1996AFA5006CE085 /* Museum-PrototypeTests.xctest */,
			);
			name = Products;
			sourceTree = "<group>";
		};
		503E962C1996AFA5006CE085 /* Frameworks */ = {
			isa = PBXGroup;
			children = (
				503E96641996E7EC006CE085 /* AVFoundation.framework */,
				503E96621996BD69006CE085 /* CoreLocation.framework */,
				503E962D1996AFA5006CE085 /* Foundation.framework */,
				503E962F1996AFA5006CE085 /* CoreGraphics.framework */,
				503E96311996AFA5006CE085 /* UIKit.framework */,
				503E964C1996AFA5006CE085 /* XCTest.framework */,
				CA163647686747F394BC4CA1 /* libPods.a */,
			);
			name = Frameworks;
			sourceTree = "<group>";
		};
		503E96331996AFA5006CE085 /* Museum-Prototype */ = {
			isa = PBXGroup;
			children = (
				503E963C1996AFA5006CE085 /* AppDelegate.h */,
				503E963D1996AFA5006CE085 /* AppDelegate.m */,
				503E963F1996AFA5006CE085 /* Main.storyboard */,
				503E96421996AFA5006CE085 /* ViewController.h */,
				503E96431996AFA5006CE085 /* ViewController.m */,
				503E9668199706B5006CE085 /* CanceledObject.h */,
				503E9669199706B5006CE085 /* CanceledObject.m */,
				503E96451996AFA5006CE085 /* Images.xcassets */,
				503E96341996AFA5006CE085 /* Supporting Files */,
			);
			path = "Museum-Prototype";
			sourceTree = "<group>";
		};
		503E96341996AFA5006CE085 /* Supporting Files */ = {
			isa = PBXGroup;
			children = (
				503E96661996EA71006CE085 /* play-26.png */,
				501ABE5219B3C1F4000321CD /* play-25.png */,
				503E96351996AFA5006CE085 /* Museum-Prototype-Info.plist */,
				503E96361996AFA5006CE085 /* InfoPlist.strings */,
				503E96391996AFA5006CE085 /* main.m */,
				503E963B1996AFA5006CE085 /* Museum-Prototype-Prefix.pch */,
			);
			name = "Supporting Files";
			sourceTree = "<group>";
		};
		503E96521996AFA5006CE085 /* Museum-PrototypeTests */ = {
			isa = PBXGroup;
			children = (
				503E96581996AFA5006CE085 /* Museum_PrototypeTests.m */,
				503E96531996AFA5006CE085 /* Supporting Files */,
			);
			path = "Museum-PrototypeTests";
			sourceTree = "<group>";
		};
		503E96531996AFA5006CE085 /* Supporting Files */ = {
			isa = PBXGroup;
			children = (
				503E96541996AFA5006CE085 /* Museum-PrototypeTests-Info.plist */,
				503E96551996AFA5006CE085 /* InfoPlist.strings */,
			);
			name = "Supporting Files";
			sourceTree = "<group>";
		};
/* End PBXGroup section */

/* Begin PBXNativeTarget section */
		503E96291996AFA5006CE085 /* Museum-Prototype */ = {
			isa = PBXNativeTarget;
			buildConfigurationList = 503E965C1996AFA5006CE085 /* Build configuration list for PBXNativeTarget "Museum-Prototype" */;
			buildPhases = (
				79AA1A742A54412996131102 /* Check Pods Manifest.lock */,
				503E96261996AFA5006CE085 /* Sources */,
				503E96271996AFA5006CE085 /* Frameworks */,
				503E96281996AFA5006CE085 /* Resources */,
				63EB3CE515EB4D88ADB46482 /* Copy Pods Resources */,
			);
			buildRules = (
			);
			dependencies = (
			);
			name = "Museum-Prototype";
			productName = "Museum-Prototype";
			productReference = 503E962A1996AFA5006CE085 /* Museum-Prototype.app */;
			productType = "com.apple.product-type.application";
		};
		503E964A1996AFA5006CE085 /* Museum-PrototypeTests */ = {
			isa = PBXNativeTarget;
			buildConfigurationList = 503E965F1996AFA5006CE085 /* Build configuration list for PBXNativeTarget "Museum-PrototypeTests" */;
			buildPhases = (
				503E96471996AFA5006CE085 /* Sources */,
				503E96481996AFA5006CE085 /* Frameworks */,
				503E96491996AFA5006CE085 /* Resources */,
			);
			buildRules = (
			);
			dependencies = (
				503E96511996AFA5006CE085 /* PBXTargetDependency */,
			);
			name = "Museum-PrototypeTests";
			productName = "Museum-PrototypeTests";
			productReference = 503E964B1996AFA5006CE085 /* Museum-PrototypeTests.xctest */;
			productType = "com.apple.product-type.bundle.unit-test";
		};
/* End PBXNativeTarget section */

/* Begin PBXProject section */
		503E96221996AFA5006CE085 /* Project object */ = {
			isa = PBXProject;
			attributes = {
				LastUpgradeCheck = 0510;
				ORGANIZATIONNAME = "Robert Miller";
				TargetAttributes = {
					503E96291996AFA5006CE085 = {
						DevelopmentTeam = G98XDUC443;
						SystemCapabilities = {
							com.apple.BackgroundModes = {
								enabled = 1;
							};
							com.apple.InterAppAudio = {
								enabled = 0;
							};
						};
					};
					503E964A1996AFA5006CE085 = {
						TestTargetID = 503E96291996AFA5006CE085;
					};
				};
			};
			buildConfigurationList = 503E96251996AFA5006CE085 /* Build configuration list for PBXProject "Museum-Prototype" */;
			compatibilityVersion = "Xcode 3.2";
			developmentRegion = English;
			hasScannedForEncodings = 0;
			knownRegions = (
				en,
				Base,
			);
			mainGroup = 503E96211996AFA5006CE085;
			productRefGroup = 503E962B1996AFA5006CE085 /* Products */;
			projectDirPath = "";
			projectRoot = "";
			targets = (
				503E96291996AFA5006CE085 /* Museum-Prototype */,
				503E964A1996AFA5006CE085 /* Museum-PrototypeTests */,
			);
		};
/* End PBXProject section */

/* Begin PBXResourcesBuildPhase section */
		503E96281996AFA5006CE085 /* Resources */ = {
			isa = PBXResourcesBuildPhase;
			buildActionMask = 2147483647;
			files = (
				503E96461996AFA5006CE085 /* Images.xcassets in Resources */,
				503E96671996EA71006CE085 /* play-26.png in Resources */,
				503E96381996AFA5006CE085 /* InfoPlist.strings in Resources */,
				501ABE5319B3C1F4000321CD /* play-25.png in Resources */,
				503E96411996AFA5006CE085 /* Main.storyboard in Resources */,
			);
			runOnlyForDeploymentPostprocessing = 0;
		};
		503E96491996AFA5006CE085 /* Resources */ = {
			isa = PBXResourcesBuildPhase;
			buildActionMask = 2147483647;
			files = (
				503E96571996AFA5006CE085 /* InfoPlist.strings in Resources */,
			);
			runOnlyForDeploymentPostprocessing = 0;
		};
/* End PBXResourcesBuildPhase section */

/* Begin PBXShellScriptBuildPhase section */
		63EB3CE515EB4D88ADB46482 /* Copy Pods Resources */ = {
			isa = PBXShellScriptBuildPhase;
			buildActionMask = 2147483647;
			files = (
			);
			inputPaths = (
			);
			name = "Copy Pods Resources";
			outputPaths = (
			);
			runOnlyForDeploymentPostprocessing = 0;
			shellPath = /bin/sh;
			shellScript = "\"${SRCROOT}/Pods/Pods-resources.sh\"\n";
			showEnvVarsInLog = 0;
		};
		79AA1A742A54412996131102 /* Check Pods Manifest.lock */ = {
			isa = PBXShellScriptBuildPhase;
			buildActionMask = 2147483647;
			files = (
			);
			inputPaths = (
			);
			name = "Check Pods Manifest.lock";
			outputPaths = (
			);
			runOnlyForDeploymentPostprocessing = 0;
			shellPath = /bin/sh;
			shellScript = "diff \"${PODS_ROOT}/../Podfile.lock\" \"${PODS_ROOT}/Manifest.lock\" > /dev/null\nif [[ $? != 0 ]] ; then\n    cat << EOM\nerror: The sandbox is not in sync with the Podfile.lock. Run 'pod install' or update your CocoaPods installation.\nEOM\n    exit 1\nfi\n";
			showEnvVarsInLog = 0;
		};
/* End PBXShellScriptBuildPhase section */

/* Begin PBXSourcesBuildPhase section */
		503E96261996AFA5006CE085 /* Sources */ = {
			isa = PBXSourcesBuildPhase;
			buildActionMask = 2147483647;
			files = (
				503E96441996AFA5006CE085 /* ViewController.m in Sources */,
				503E966A199706B5006CE085 /* CanceledObject.m in Sources */,
				503E963E1996AFA5006CE085 /* AppDelegate.m in Sources */,
				503E963A1996AFA5006CE085 /* main.m in Sources */,
			);
			runOnlyForDeploymentPostprocessing = 0;
		};
		503E96471996AFA5006CE085 /* Sources */ = {
			isa = PBXSourcesBuildPhase;
			buildActionMask = 2147483647;
			files = (
				503E96591996AFA5006CE085 /* Museum_PrototypeTests.m in Sources */,
			);
			runOnlyForDeploymentPostprocessing = 0;
		};
/* End PBXSourcesBuildPhase section */

/* Begin PBXTargetDependency section */
		503E96511996AFA5006CE085 /* PBXTargetDependency */ = {
			isa = PBXTargetDependency;
			target = 503E96291996AFA5006CE085 /* Museum-Prototype */;
			targetProxy = 503E96501996AFA5006CE085 /* PBXContainerItemProxy */;
		};
/* End PBXTargetDependency section */

/* Begin PBXVariantGroup section */
		503E96361996AFA5006CE085 /* InfoPlist.strings */ = {
			isa = PBXVariantGroup;
			children = (
				503E96371996AFA5006CE085 /* en */,
			);
			name = InfoPlist.strings;
			sourceTree = "<group>";
		};
		503E963F1996AFA5006CE085 /* Main.storyboard */ = {
			isa = PBXVariantGroup;
			children = (
				503E96401996AFA5006CE085 /* Base */,
			);
			name = Main.storyboard;
			sourceTree = "<group>";
		};
		503E96551996AFA5006CE085 /* InfoPlist.strings */ = {
			isa = PBXVariantGroup;
			children = (
				503E96561996AFA5006CE085 /* en */,
			);
			name = InfoPlist.strings;
			sourceTree = "<group>";
		};
/* End PBXVariantGroup section */

/* Begin XCBuildConfiguration section */
		503E965A1996AFA5006CE085 /* Debug */ = {
			isa = XCBuildConfiguration;
			buildSettings = {
				ALWAYS_SEARCH_USER_PATHS = NO;
				CLANG_CXX_LANGUAGE_STANDARD = "gnu++0x";
				CLANG_CXX_LIBRARY = "libc++";
				CLANG_ENABLE_MODULES = YES;
				CLANG_ENABLE_OBJC_ARC = YES;
				CLANG_WARN_BOOL_CONVERSION = YES;
				CLANG_WARN_CONSTANT_CONVERSION = YES;
				CLANG_WARN_DIRECT_OBJC_ISA_USAGE = YES_ERROR;
				CLANG_WARN_EMPTY_BODY = YES;
				CLANG_WARN_ENUM_CONVERSION = YES;
				CLANG_WARN_INT_CONVERSION = YES;
				CLANG_WARN_OBJC_ROOT_CLASS = YES_ERROR;
				CLANG_WARN__DUPLICATE_METHOD_MATCH = YES;
				"CODE_SIGN_IDENTITY[sdk=iphoneos*]" = "iPhone Developer";
				COPY_PHASE_STRIP = NO;
				GCC_C_LANGUAGE_STANDARD = gnu99;
				GCC_DYNAMIC_NO_PIC = NO;
				GCC_OPTIMIZATION_LEVEL = 0;
				GCC_PREPROCESSOR_DEFINITIONS = (
					"DEBUG=1",
					"$(inherited)",
				);
				GCC_SYMBOLS_PRIVATE_EXTERN = NO;
				GCC_WARN_64_TO_32_BIT_CONVERSION = YES;
				GCC_WARN_ABOUT_RETURN_TYPE = YES_ERROR;
				GCC_WARN_UNDECLARED_SELECTOR = YES;
				GCC_WARN_UNINITIALIZED_AUTOS = YES_AGGRESSIVE;
				GCC_WARN_UNUSED_FUNCTION = YES;
				GCC_WARN_UNUSED_VARIABLE = YES;
				IPHONEOS_DEPLOYMENT_TARGET = 7.1;
				ONLY_ACTIVE_ARCH = YES;
				SDKROOT = iphoneos;
			};
			name = Debug;
		};
		503E965B1996AFA5006CE085 /* Release */ = {
			isa = XCBuildConfiguration;
			buildSettings = {
				ALWAYS_SEARCH_USER_PATHS = NO;
				CLANG_CXX_LANGUAGE_STANDARD = "gnu++0x";
				CLANG_CXX_LIBRARY = "libc++";
				CLANG_ENABLE_MODULES = YES;
				CLANG_ENABLE_OBJC_ARC = YES;
				CLANG_WARN_BOOL_CONVERSION = YES;
				CLANG_WARN_CONSTANT_CONVERSION = YES;
				CLANG_WARN_DIRECT_OBJC_ISA_USAGE = YES_ERROR;
				CLANG_WARN_EMPTY_BODY = YES;
				CLANG_WARN_ENUM_CONVERSION = YES;
				CLANG_WARN_INT_CONVERSION = YES;
				CLANG_WARN_OBJC_ROOT_CLASS = YES_ERROR;
				CLANG_WARN__DUPLICATE_METHOD_MATCH = YES;
				"CODE_SIGN_IDENTITY[sdk=iphoneos*]" = "iPhone Developer";
				COPY_PHASE_STRIP = YES;
				ENABLE_NS_ASSERTIONS = NO;
				GCC_C_LANGUAGE_STANDARD = gnu99;
				GCC_WARN_64_TO_32_BIT_CONVERSION = YES;
				GCC_WARN_ABOUT_RETURN_TYPE = YES_ERROR;
				GCC_WARN_UNDECLARED_SELECTOR = YES;
				GCC_WARN_UNINITIALIZED_AUTOS = YES_AGGRESSIVE;
				GCC_WARN_UNUSED_FUNCTION = YES;
				GCC_WARN_UNUSED_VARIABLE = YES;
				IPHONEOS_DEPLOYMENT_TARGET = 7.1;
				SDKROOT = iphoneos;
				VALIDATE_PRODUCT = YES;
			};
			name = Release;
		};
		503E965D1996AFA5006CE085 /* Debug */ = {
			isa = XCBuildConfiguration;
			baseConfigurationReference = 5FEBAD8E7A67475BBBADF9C1 /* Pods.xcconfig */;
			buildSettings = {
				ASSETCATALOG_COMPILER_APPICON_NAME = AppIcon;
				ASSETCATALOG_COMPILER_LAUNCHIMAGE_NAME = LaunchImage;
				CODE_SIGN_IDENTITY = "iPhone Developer";
				"CODE_SIGN_IDENTITY[sdk=iphoneos*]" = "iPhone Developer";
				GCC_PRECOMPILE_PREFIX_HEADER = YES;
				GCC_PREFIX_HEADER = "Museum-Prototype/Museum-Prototype-Prefix.pch";
				INFOPLIST_FILE = "Museum-Prototype/Museum-Prototype-Info.plist";
				PRODUCT_NAME = "$(TARGET_NAME)";
				PROVISIONING_PROFILE = "";
				WRAPPER_EXTENSION = app;
			};
			name = Debug;
		};
		503E965E1996AFA5006CE085 /* Release */ = {
			isa = XCBuildConfiguration;
			baseConfigurationReference = 5FEBAD8E7A67475BBBADF9C1 /* Pods.xcconfig */;
			buildSettings = {
				ASSETCATALOG_COMPILER_APPICON_NAME = AppIcon;
				ASSETCATALOG_COMPILER_LAUNCHIMAGE_NAME = LaunchImage;
				CODE_SIGN_IDENTITY = "iPhone Developer";
				"CODE_SIGN_IDENTITY[sdk=iphoneos*]" = "iPhone Developer";
				GCC_PRECOMPILE_PREFIX_HEADER = YES;
				GCC_PREFIX_HEADER = "Museum-Prototype/Museum-Prototype-Prefix.pch";
				INFOPLIST_FILE = "Museum-Prototype/Museum-Prototype-Info.plist";
				PRODUCT_NAME = "$(TARGET_NAME)";
				PROVISIONING_PROFILE = "";
				WRAPPER_EXTENSION = app;
			};
			name = Release;
		};
		503E96601996AFA5006CE085 /* Debug */ = {
			isa = XCBuildConfiguration;
			buildSettings = {
				BUNDLE_LOADER = "$(BUILT_PRODUCTS_DIR)/Museum-Prototype.app/Museum-Prototype";
				FRAMEWORK_SEARCH_PATHS = (
					"$(SDKROOT)/Developer/Library/Frameworks",
					"$(inherited)",
					"$(DEVELOPER_FRAMEWORKS_DIR)",
				);
				GCC_PRECOMPILE_PREFIX_HEADER = YES;
				GCC_PREFIX_HEADER = "Museum-Prototype/Museum-Prototype-Prefix.pch";
				GCC_PREPROCESSOR_DEFINITIONS = (
					"DEBUG=1",
					"$(inherited)",
				);
				INFOPLIST_FILE = "Museum-PrototypeTests/Museum-PrototypeTests-Info.plist";
				PRODUCT_NAME = "$(TARGET_NAME)";
				TEST_HOST = "$(BUNDLE_LOADER)";
				WRAPPER_EXTENSION = xctest;
			};
			name = Debug;
		};
		503E96611996AFA5006CE085 /* Release */ = {
			isa = XCBuildConfiguration;
			buildSettings = {
				BUNDLE_LOADER = "$(BUILT_PRODUCTS_DIR)/Museum-Prototype.app/Museum-Prototype";
				FRAMEWORK_SEARCH_PATHS = (
					"$(SDKROOT)/Developer/Library/Frameworks",
					"$(inherited)",
					"$(DEVELOPER_FRAMEWORKS_DIR)",
				);
				GCC_PRECOMPILE_PREFIX_HEADER = YES;
				GCC_PREFIX_HEADER = "Museum-Prototype/Museum-Prototype-Prefix.pch";
				INFOPLIST_FILE = "Museum-PrototypeTests/Museum-PrototypeTests-Info.plist";
				PRODUCT_NAME = "$(TARGET_NAME)";
				TEST_HOST = "$(BUNDLE_LOADER)";
				WRAPPER_EXTENSION = xctest;
			};
			name = Release;
		};
/* End XCBuildConfiguration section */

/* Begin XCConfigurationList section */
		503E96251996AFA5006CE085 /* Build configuration list for PBXProject "Museum-Prototype" */ = {
			isa = XCConfigurationList;
			buildConfigurations = (
				503E965A1996AFA5006CE085 /* Debug */,
				503E965B1996AFA5006CE085 /* Release */,
			);
			defaultConfigurationIsVisible = 0;
			defaultConfigurationName = Release;
		};
		503E965C1996AFA5006CE085 /* Build configuration list for PBXNativeTarget "Museum-Prototype" */ = {
			isa = XCConfigurationList;
			buildConfigurations = (
				503E965D1996AFA5006CE085 /* Debug */,
				503E965E1996AFA5006CE085 /* Release */,
			);
			defaultConfigurationIsVisible = 0;
			defaultConfigurationName = Release;
		};
		503E965F1996AFA5006CE085 /* Build configuration list for PBXNativeTarget "Museum-PrototypeTests" */ = {
			isa = XCConfigurationList;
			buildConfigurations = (
				503E96601996AFA5006CE085 /* Debug */,
				503E96611996AFA5006CE085 /* Release */,
			);
			defaultConfigurationIsVisible = 0;
			defaultConfigurationName = Release;
		};
/* End XCConfigurationList section */
	};
	rootObject = 503E96221996AFA5006CE085 /* Project object */;
}
